
Microsoft Visual Studio Solution File, Format Version 12.00
# Visual Studio Version 17
VisualStudioVersion = 17.5.33516.290
MinimumVisualStudioVersion = 10.0.40219.1
Project("{FAE04EC0-301F-11D3-BF4B-00C04F79EFBC}") = "GSTONBORDING", "GSTONBORDING\GSTONBORDING.csproj", "{852832D1-E55C-4ED4-97E7-B2291C09E908}"
EndProject
Project("{FAE04EC0-301F-11D3-BF4B-00C04F79EFBC}") = "GSTONBORDINGLibrary", "GSTONBORDINGLibrary\GSTONBORDINGLibrary.csproj", "{CCAFC81B-4BBC-4B66-9F19-B1418A1F07C2}"
EndProject
Global
	GlobalSection(SolutionConfigurationPlatforms) = preSolution
		Debug|Any CPU = Debug|Any CPU
		Release|Any CPU = Release|Any CPU
	EndGlobalSection
	GlobalSection(ProjectConfigurationPlatforms) = postSolution
		{852832D1-E55C-4ED4-97E7-B2291C09E908}.Debug|Any CPU.ActiveCfg = Debug|Any CPU
		{852832D1-E55C-4ED4-97E7-B2291C09E908}.Debug|Any CPU.Build.0 = Debug|Any CPU
		{852832D1-E55C-4ED4-97E7-B2291C09E908}.Release|Any CPU.ActiveCfg = Release|Any CPU
		{852832D1-E55C-4ED4-97E7-B2291C09E908}.Release|Any CPU.Build.0 = Release|Any CPU
		{CCAFC81B-4BBC-4B66-9F19-B1418A1F07C2}.Debug|Any CPU.ActiveCfg = Debug|Any CPU
		{CCAFC81B-4BBC-4B66-9F19-B1418A1F07C2}.Debug|Any CPU.Build.0 = Debug|Any CPU
		{CCAFC81B-4BBC-4B66-9F19-B1418A1F07C2}.Release|Any CPU.ActiveCfg = Release|Any CPU
		{CCAFC81B-4BBC-4B66-9F19-B1418A1F07C2}.Release|Any CPU.Build.0 = Release|Any CPU
	EndGlobalSection
	GlobalSection(SolutionProperties) = preSolution
		HideSolutionNode = FALSE
	EndGlobalSection
	GlobalSection(ExtensibilityGlobals) = postSolution
		SolutionGuid = {FB2F8035-32C2-4CF2-952F-11BFC2086580}
	EndGlobalSection
EndGlobal
